
Microsoft Visual Studio Solution File, Format Version 12.00
# Visual Studio Version 17
VisualStudioVersion = 17.11.35222.181
MinimumVisualStudioVersion = 10.0.40219.1
Project("{9A19103F-16F7-4668-BE54-9A1E7A4F7556}") = "RefuseServiceDispatachApp", "RefuseServiceDispatachApp.csproj", "{4FAD1865-E0B5-412B-AA77-D0D6CB896B86}"
EndProject
Project("{9A19103F-16F7-4668-BE54-9A1E7A4F7556}") = "RefuseServiceManagementPortal", "..\RefuseServiceManagementPortal\RefuseServiceManagementPortal.csproj", "{1063FCFD-15E9-415F-8360-0B6D350B8ECB}"
EndProject
Project("{9A19103F-16F7-4668-BE54-9A1E7A4F7556}") = "RefuseServiceRazorClassLibrary", "..\RefuseServiceRazorClassLibrary\RefuseServiceRazorClassLibrary.csproj", "{C294881E-8199-431C-A927-C3B19B6B7085}"
EndProject
Global
	GlobalSection(SolutionConfigurationPlatforms) = preSolution
		Debug|Any CPU = Debug|Any CPU
		Release|Any CPU = Release|Any CPU
	EndGlobalSection
	GlobalSection(ProjectConfigurationPlatforms) = postSolution
		{4FAD1865-E0B5-412B-AA77-D0D6CB896B86}.Debug|Any CPU.ActiveCfg = Debug|Any CPU
		{4FAD1865-E0B5-412B-AA77-D0D6CB896B86}.Debug|Any CPU.Build.0 = Debug|Any CPU
		{4FAD1865-E0B5-412B-AA77-D0D6CB896B86}.Debug|Any CPU.Deploy.0 = Debug|Any CPU
		{4FAD1865-E0B5-412B-AA77-D0D6CB896B86}.Release|Any CPU.ActiveCfg = Release|Any CPU
		{4FAD1865-E0B5-412B-AA77-D0D6CB896B86}.Release|Any CPU.Build.0 = Release|Any CPU
		{4FAD1865-E0B5-412B-AA77-D0D6CB896B86}.Release|Any CPU.Deploy.0 = Release|Any CPU
		{1063FCFD-15E9-415F-8360-0B6D350B8ECB}.Debug|Any CPU.ActiveCfg = Debug|Any CPU
		{1063FCFD-15E9-415F-8360-0B6D350B8ECB}.Debug|Any CPU.Build.0 = Debug|Any CPU
		{1063FCFD-15E9-415F-8360-0B6D350B8ECB}.Release|Any CPU.ActiveCfg = Release|Any CPU
		{1063FCFD-15E9-415F-8360-0B6D350B8ECB}.Release|Any CPU.Build.0 = Release|Any CPU
		{C294881E-8199-431C-A927-C3B19B6B7085}.Debug|Any CPU.ActiveCfg = Debug|Any CPU
		{C294881E-8199-431C-A927-C3B19B6B7085}.Debug|Any CPU.Build.0 = Debug|Any CPU
		{C294881E-8199-431C-A927-C3B19B6B7085}.Release|Any CPU.ActiveCfg = Release|Any CPU
		{C294881E-8199-431C-A927-C3B19B6B7085}.Release|Any CPU.Build.0 = Release|Any CPU
	EndGlobalSection
	GlobalSection(SolutionProperties) = preSolution
		HideSolutionNode = FALSE
	EndGlobalSection
	GlobalSection(ExtensibilityGlobals) = postSolution
		SolutionGuid = {51278AFA-E4E9-4FD6-BA12-3FEC0942158D}
	EndGlobalSection
EndGlobal
